
Microsoft Visual Studio Solution File, Format Version 12.00
# Visual Studio 14
VisualStudioVersion = 14.0.25029.0
MinimumVisualStudioVersion = 10.0.40219.1
Project("{2150E333-8FDC-42A3-9474-1A3956D46DE8}") = "src", "src", "{F54ACF7B-A5E7-419A-AA34-D7BE68F10483}"
EndProject
Project("{2150E333-8FDC-42A3-9474-1A3956D46DE8}") = "Solution Items", "Solution Items", "{79F6EFC2-0CD1-44A0-8F86-EC0CE7E9995B}"
	ProjectSection(SolutionItems) = preProject
		global.json = global.json
	EndProjectSection
EndProject
Project("{8BB2217D-0F2D-49D1-97BC-3654ED321F3B}") = "AGASQLI", "src\AGASQLI\AGASQLI.xproj", "{DB397C74-E80D-4095-BC7B-AF827564004B}"
EndProject
Project("{FAE04EC0-301F-11D3-BF4B-00C04F79EFBC}") = "AGA.Business", "AGA.Business\AGA.Business.csproj", "{EB9C463F-FD9B-45D7-BE87-57F68CAB801B}"
EndProject
Project("{FAE04EC0-301F-11D3-BF4B-00C04F79EFBC}") = "AGA.Data", "AGA.Data\AGA.Data.csproj", "{DD4033DE-110F-48AD-937A-7A8D67D0DED2}"
EndProject
Project("{FAE04EC0-301F-11D3-BF4B-00C04F79EFBC}") = "AGA.DTO", "AGA.Dto\AGA.DTO.csproj", "{3FB72C65-3DC1-439F-9878-B74CC511B84E}"
EndProject
Project("{FAE04EC0-301F-11D3-BF4B-00C04F79EFBC}") = "ConsoleApp", "ConsoleApp\ConsoleApp.csproj", "{79639FB9-0CFF-4E6C-88B2-0DD9582EC65F}"
EndProject
Project("{FAE04EC0-301F-11D3-BF4B-00C04F79EFBC}") = "AGA.Services", "AGA.Services\AGA.Services.csproj", "{89F86FF7-7BFB-475B-ADEA-C56F5995A87B}"
EndProject
Project("{FAE04EC0-301F-11D3-BF4B-00C04F79EFBC}") = "AGA.Tests", "AGA.Tests\AGA.Tests.csproj", "{0B44513A-FF05-4288-B3A5-C2FADDFD3BAA}"
EndProject
Global
	GlobalSection(SolutionConfigurationPlatforms) = preSolution
		Debug|Any CPU = Debug|Any CPU
		Release|Any CPU = Release|Any CPU
	EndGlobalSection
	GlobalSection(ProjectConfigurationPlatforms) = postSolution
		{DB397C74-E80D-4095-BC7B-AF827564004B}.Debug|Any CPU.ActiveCfg = Debug|Any CPU
		{DB397C74-E80D-4095-BC7B-AF827564004B}.Debug|Any CPU.Build.0 = Debug|Any CPU
		{DB397C74-E80D-4095-BC7B-AF827564004B}.Release|Any CPU.ActiveCfg = Release|Any CPU
		{DB397C74-E80D-4095-BC7B-AF827564004B}.Release|Any CPU.Build.0 = Release|Any CPU
		{EB9C463F-FD9B-45D7-BE87-57F68CAB801B}.Debug|Any CPU.ActiveCfg = Debug|Any CPU
		{EB9C463F-FD9B-45D7-BE87-57F68CAB801B}.Debug|Any CPU.Build.0 = Debug|Any CPU
		{EB9C463F-FD9B-45D7-BE87-57F68CAB801B}.Release|Any CPU.ActiveCfg = Release|Any CPU
		{EB9C463F-FD9B-45D7-BE87-57F68CAB801B}.Release|Any CPU.Build.0 = Release|Any CPU
		{DD4033DE-110F-48AD-937A-7A8D67D0DED2}.Debug|Any CPU.ActiveCfg = Debug|Any CPU
		{DD4033DE-110F-48AD-937A-7A8D67D0DED2}.Debug|Any CPU.Build.0 = Debug|Any CPU
		{DD4033DE-110F-48AD-937A-7A8D67D0DED2}.Release|Any CPU.ActiveCfg = Release|Any CPU
		{DD4033DE-110F-48AD-937A-7A8D67D0DED2}.Release|Any CPU.Build.0 = Release|Any CPU
		{3FB72C65-3DC1-439F-9878-B74CC511B84E}.Debug|Any CPU.ActiveCfg = Debug|Any CPU
		{3FB72C65-3DC1-439F-9878-B74CC511B84E}.Debug|Any CPU.Build.0 = Debug|Any CPU
		{3FB72C65-3DC1-439F-9878-B74CC511B84E}.Release|Any CPU.ActiveCfg = Release|Any CPU
		{3FB72C65-3DC1-439F-9878-B74CC511B84E}.Release|Any CPU.Build.0 = Release|Any CPU
		{79639FB9-0CFF-4E6C-88B2-0DD9582EC65F}.Debug|Any CPU.ActiveCfg = Debug|Any CPU
		{79639FB9-0CFF-4E6C-88B2-0DD9582EC65F}.Debug|Any CPU.Build.0 = Debug|Any CPU
		{79639FB9-0CFF-4E6C-88B2-0DD9582EC65F}.Release|Any CPU.ActiveCfg = Release|Any CPU
		{79639FB9-0CFF-4E6C-88B2-0DD9582EC65F}.Release|Any CPU.Build.0 = Release|Any CPU
		{89F86FF7-7BFB-475B-ADEA-C56F5995A87B}.Debug|Any CPU.ActiveCfg = Debug|Any CPU
		{89F86FF7-7BFB-475B-ADEA-C56F5995A87B}.Debug|Any CPU.Build.0 = Debug|Any CPU
		{89F86FF7-7BFB-475B-ADEA-C56F5995A87B}.Release|Any CPU.ActiveCfg = Release|Any CPU
		{89F86FF7-7BFB-475B-ADEA-C56F5995A87B}.Release|Any CPU.Build.0 = Release|Any CPU
		{0B44513A-FF05-4288-B3A5-C2FADDFD3BAA}.Debug|Any CPU.ActiveCfg = Debug|Any CPU
		{0B44513A-FF05-4288-B3A5-C2FADDFD3BAA}.Debug|Any CPU.Build.0 = Debug|Any CPU
		{0B44513A-FF05-4288-B3A5-C2FADDFD3BAA}.Release|Any CPU.ActiveCfg = Release|Any CPU
		{0B44513A-FF05-4288-B3A5-C2FADDFD3BAA}.Release|Any CPU.Build.0 = Release|Any CPU
	EndGlobalSection
	GlobalSection(SolutionProperties) = preSolution
		HideSolutionNode = FALSE
	EndGlobalSection
	GlobalSection(NestedProjects) = preSolution
		{DB397C74-E80D-4095-BC7B-AF827564004B} = {F54ACF7B-A5E7-419A-AA34-D7BE68F10483}
		{EB9C463F-FD9B-45D7-BE87-57F68CAB801B} = {F54ACF7B-A5E7-419A-AA34-D7BE68F10483}
		{DD4033DE-110F-48AD-937A-7A8D67D0DED2} = {F54ACF7B-A5E7-419A-AA34-D7BE68F10483}
		{3FB72C65-3DC1-439F-9878-B74CC511B84E} = {F54ACF7B-A5E7-419A-AA34-D7BE68F10483}
		{79639FB9-0CFF-4E6C-88B2-0DD9582EC65F} = {F54ACF7B-A5E7-419A-AA34-D7BE68F10483}
		{89F86FF7-7BFB-475B-ADEA-C56F5995A87B} = {F54ACF7B-A5E7-419A-AA34-D7BE68F10483}
		{0B44513A-FF05-4288-B3A5-C2FADDFD3BAA} = {F54ACF7B-A5E7-419A-AA34-D7BE68F10483}
	EndGlobalSection
EndGlobal
